
Microsoft Visual Studio Solution File, Format Version 12.00
# Visual Studio 15
VisualStudioVersion = 15.0.27004.2006
MinimumVisualStudioVersion = 10.0.40219.1
Project("{FAE04EC0-301F-11D3-BF4B-00C04F79EFBC}") = "QuanLyCanTin", "QuanLyCanTin\QuanLyCanTin.csproj", "{68DBC180-5F99-4F53-BE06-9F329FF35BE9}"
EndProject
Global
	GlobalSection(SolutionConfigurationPlatforms) = preSolution
		Debug|Any CPU = Debug|Any CPU
		Release|Any CPU = Release|Any CPU
	EndGlobalSection
	GlobalSection(ProjectConfigurationPlatforms) = postSolution
		{68DBC180-5F99-4F53-BE06-9F329FF35BE9}.Debug|Any CPU.ActiveCfg = Debug|Any CPU
		{68DBC180-5F99-4F53-BE06-9F329FF35BE9}.Debug|Any CPU.Build.0 = Debug|Any CPU
		{68DBC180-5F99-4F53-BE06-9F329FF35BE9}.Release|Any CPU.ActiveCfg = Release|Any CPU
		{68DBC180-5F99-4F53-BE06-9F329FF35BE9}.Release|Any CPU.Build.0 = Release|Any CPU
	EndGlobalSection
	GlobalSection(SolutionProperties) = preSolution
		HideSolutionNode = FALSE
	EndGlobalSection
	GlobalSection(ExtensibilityGlobals) = postSolution
		SolutionGuid = {7F35F128-D220-4378-932B-478E596F7BB3}
	EndGlobalSection
EndGlobal
